
Microsoft Visual Studio Solution File, Format Version 12.00
# Visual Studio Version 17
VisualStudioVersion = 17.2.32630.192
MinimumVisualStudioVersion = 10.0.40219.1
Project("{FAE04EC0-301F-11D3-BF4B-00C04F79EFBC}") = "repository-pattern", "repository-pattern\repository-pattern.csproj", "{70840EE8-CB33-46CB-8A12-4073AFCC25E3}"
EndProject
Project("{FAE04EC0-301F-11D3-BF4B-00C04F79EFBC}") = "Domain", "Domain\Domain.csproj", "{B264C3CA-6F1C-4EA7-B42E-A7E0CF890232}"
EndProject
Project("{FAE04EC0-301F-11D3-BF4B-00C04F79EFBC}") = "DataAccess", "DataAccess\DataAccess.csproj", "{DCE1800C-0AC7-4C2A-AF4B-1A8BBAA96EFC}"
EndProject
Global
	GlobalSection(SolutionConfigurationPlatforms) = preSolution
		Debug|Any CPU = Debug|Any CPU
		Release|Any CPU = Release|Any CPU
	EndGlobalSection
	GlobalSection(ProjectConfigurationPlatforms) = postSolution
		{70840EE8-CB33-46CB-8A12-4073AFCC25E3}.Debug|Any CPU.ActiveCfg = Debug|Any CPU
		{70840EE8-CB33-46CB-8A12-4073AFCC25E3}.Debug|Any CPU.Build.0 = Debug|Any CPU
		{70840EE8-CB33-46CB-8A12-4073AFCC25E3}.Release|Any CPU.ActiveCfg = Release|Any CPU
		{70840EE8-CB33-46CB-8A12-4073AFCC25E3}.Release|Any CPU.Build.0 = Release|Any CPU
		{B264C3CA-6F1C-4EA7-B42E-A7E0CF890232}.Debug|Any CPU.ActiveCfg = Debug|Any CPU
		{B264C3CA-6F1C-4EA7-B42E-A7E0CF890232}.Debug|Any CPU.Build.0 = Debug|Any CPU
		{B264C3CA-6F1C-4EA7-B42E-A7E0CF890232}.Release|Any CPU.ActiveCfg = Release|Any CPU
		{B264C3CA-6F1C-4EA7-B42E-A7E0CF890232}.Release|Any CPU.Build.0 = Release|Any CPU
		{DCE1800C-0AC7-4C2A-AF4B-1A8BBAA96EFC}.Debug|Any CPU.ActiveCfg = Debug|Any CPU
		{DCE1800C-0AC7-4C2A-AF4B-1A8BBAA96EFC}.Debug|Any CPU.Build.0 = Debug|Any CPU
		{DCE1800C-0AC7-4C2A-AF4B-1A8BBAA96EFC}.Release|Any CPU.ActiveCfg = Release|Any CPU
		{DCE1800C-0AC7-4C2A-AF4B-1A8BBAA96EFC}.Release|Any CPU.Build.0 = Release|Any CPU
	EndGlobalSection
	GlobalSection(SolutionProperties) = preSolution
		HideSolutionNode = FALSE
	EndGlobalSection
	GlobalSection(ExtensibilityGlobals) = postSolution
		SolutionGuid = {83D692D5-2398-4807-9D39-A8D7DBE8A714}
	EndGlobalSection
EndGlobal
